
Microsoft Visual Studio Solution File, Format Version 12.00
# Visual Studio Version 17
VisualStudioVersion = 17.0.31912.275
MinimumVisualStudioVersion = 10.0.40219.1
Project("{FAE04EC0-301F-11D3-BF4B-00C04F79EFBC}") = "Задание18", "Задание18\Задание18.csproj", "{5B1FDE3F-A21F-4200-8E33-B2F24D8DAAD6}"
EndProject
Global
	GlobalSection(SolutionConfigurationPlatforms) = preSolution
		Debug|Any CPU = Debug|Any CPU
		Release|Any CPU = Release|Any CPU
	EndGlobalSection
	GlobalSection(ProjectConfigurationPlatforms) = postSolution
		{5B1FDE3F-A21F-4200-8E33-B2F24D8DAAD6}.Debug|Any CPU.ActiveCfg = Debug|Any CPU
		{5B1FDE3F-A21F-4200-8E33-B2F24D8DAAD6}.Debug|Any CPU.Build.0 = Debug|Any CPU
		{5B1FDE3F-A21F-4200-8E33-B2F24D8DAAD6}.Release|Any CPU.ActiveCfg = Release|Any CPU
		{5B1FDE3F-A21F-4200-8E33-B2F24D8DAAD6}.Release|Any CPU.Build.0 = Release|Any CPU
	EndGlobalSection
	GlobalSection(SolutionProperties) = preSolution
		HideSolutionNode = FALSE
	EndGlobalSection
	GlobalSection(ExtensibilityGlobals) = postSolution
		SolutionGuid = {B71145BF-9BA3-4F92-BE82-644276A0827D}
	EndGlobalSection
EndGlobal
